// !$*UTF8*$!
{
	archiveVersion = 1;
	classes = {
	};
	objectVersion = 56;
	objects = {

/* Begin PBXBuildFile section */
		E00ECFBF2B9D56EB00D1DBAA /* AppDelegate.swift in Sources */ = {isa = PBXBuildFile; fileRef = E00ECFBE2B9D56EB00D1DBAA /* AppDelegate.swift */; };
		E00ECFC12B9D56EB00D1DBAA /* SceneDelegate.swift in Sources */ = {isa = PBXBuildFile; fileRef = E00ECFC02B9D56EB00D1DBAA /* SceneDelegate.swift */; };
		E00ECFC32B9D56EB00D1DBAA /* ViewController.swift in Sources */ = {isa = PBXBuildFile; fileRef = E00ECFC22B9D56EB00D1DBAA /* ViewController.swift */; };
		E00ECFC82B9D56EC00D1DBAA /* Assets.xcassets in Resources */ = {isa = PBXBuildFile; fileRef = E00ECFC72B9D56EC00D1DBAA /* Assets.xcassets */; };
		E00ECFCB2B9D56EC00D1DBAA /* LaunchScreen.storyboard in Resources */ = {isa = PBXBuildFile; fileRef = E00ECFC92B9D56EC00D1DBAA /* LaunchScreen.storyboard */; };
		E00ECFD62B9D56EC00D1DBAA /* GuessWordTests.swift in Sources */ = {isa = PBXBuildFile; fileRef = E00ECFD52B9D56EC00D1DBAA /* GuessWordTests.swift */; };
		E00ECFE02B9D56EC00D1DBAA /* GuessWordUITests.swift in Sources */ = {isa = PBXBuildFile; fileRef = E00ECFDF2B9D56EC00D1DBAA /* GuessWordUITests.swift */; };
		E00ECFE22B9D56EC00D1DBAA /* GuessWordUITestsLaunchTests.swift in Sources */ = {isa = PBXBuildFile; fileRef = E00ECFE12B9D56EC00D1DBAA /* GuessWordUITestsLaunchTests.swift */; };
		E00ECFEF2B9D57A400D1DBAA /* GameService.swift in Sources */ = {isa = PBXBuildFile; fileRef = E00ECFEE2B9D57A400D1DBAA /* GameService.swift */; };
		E00ECFF12B9D5D6400D1DBAA /* PhotoCell.swift in Sources */ = {isa = PBXBuildFile; fileRef = E00ECFF02B9D5D6400D1DBAA /* PhotoCell.swift */; };
		E00ECFF32B9D617000D1DBAA /* GuessWordCell.swift in Sources */ = {isa = PBXBuildFile; fileRef = E00ECFF22B9D617000D1DBAA /* GuessWordCell.swift */; };
		E00ECFF52B9D62C600D1DBAA /* Identifier.swift in Sources */ = {isa = PBXBuildFile; fileRef = E00ECFF42B9D62C600D1DBAA /* Identifier.swift */; };
		E00ECFF72B9D67AA00D1DBAA /* InputLetterCell.swift in Sources */ = {isa = PBXBuildFile; fileRef = E00ECFF62B9D67AA00D1DBAA /* InputLetterCell.swift */; };
/* End PBXBuildFile section */

/* Begin PBXContainerItemProxy section */
		E00ECFD22B9D56EC00D1DBAA /* PBXContainerItemProxy */ = {
			isa = PBXContainerItemProxy;
			containerPortal = E00ECFB32B9D56EB00D1DBAA /* Project object */;
			proxyType = 1;
			remoteGlobalIDString = E00ECFBA2B9D56EB00D1DBAA;
			remoteInfo = GuessWord;
		};
		E00ECFDC2B9D56EC00D1DBAA /* PBXContainerItemProxy */ = {
			isa = PBXContainerItemProxy;
			containerPortal = E00ECFB32B9D56EB00D1DBAA /* Project object */;
			proxyType = 1;
			remoteGlobalIDString = E00ECFBA2B9D56EB00D1DBAA;
			remoteInfo = GuessWord;
		};
/* End PBXContainerItemProxy section */

/* Begin PBXFileReference section */
		E00ECFBB2B9D56EB00D1DBAA /* GuessWord.app */ = {isa = PBXFileReference; explicitFileType = wrapper.application; includeInIndex = 0; path = GuessWord.app; sourceTree = BUILT_PRODUCTS_DIR; };
		E00ECFBE2B9D56EB00D1DBAA /* AppDelegate.swift */ = {isa = PBXFileReference; lastKnownFileType = sourcecode.swift; path = AppDelegate.swift; sourceTree = "<group>"; };
		E00ECFC02B9D56EB00D1DBAA /* SceneDelegate.swift */ = {isa = PBXFileReference; lastKnownFileType = sourcecode.swift; path = SceneDelegate.swift; sourceTree = "<group>"; };
		E00ECFC22B9D56EB00D1DBAA /* ViewController.swift */ = {isa = PBXFileReference; lastKnownFileType = sourcecode.swift; path = ViewController.swift; sourceTree = "<group>"; };
		E00ECFC72B9D56EC00D1DBAA /* Assets.xcassets */ = {isa = PBXFileReference; lastKnownFileType = folder.assetcatalog; path = Assets.xcassets; sourceTree = "<group>"; };
		E00ECFCA2B9D56EC00D1DBAA /* Base */ = {isa = PBXFileReference; lastKnownFileType = file.storyboard; name = Base; path = Base.lproj/LaunchScreen.storyboard; sourceTree = "<group>"; };
		E00ECFCC2B9D56EC00D1DBAA /* Info.plist */ = {isa = PBXFileReference; lastKnownFileType = text.plist.xml; path = Info.plist; sourceTree = "<group>"; };
		E00ECFD12B9D56EC00D1DBAA /* GuessWordTests.xctest */ = {isa = PBXFileReference; explicitFileType = wrapper.cfbundle; includeInIndex = 0; path = GuessWordTests.xctest; sourceTree = BUILT_PRODUCTS_DIR; };
		E00ECFD52B9D56EC00D1DBAA /* GuessWordTests.swift */ = {isa = PBXFileReference; lastKnownFileType = sourcecode.swift; path = GuessWordTests.swift; sourceTree = "<group>"; };
		E00ECFDB2B9D56EC00D1DBAA /* GuessWordUITests.xctest */ = {isa = PBXFileReference; explicitFileType = wrapper.cfbundle; includeInIndex = 0; path = GuessWordUITests.xctest; sourceTree = BUILT_PRODUCTS_DIR; };
		E00ECFDF2B9D56EC00D1DBAA /* GuessWordUITests.swift */ = {isa = PBXFileReference; lastKnownFileType = sourcecode.swift; path = GuessWordUITests.swift; sourceTree = "<group>"; };
		E00ECFE12B9D56EC00D1DBAA /* GuessWordUITestsLaunchTests.swift */ = {isa = PBXFileReference; lastKnownFileType = sourcecode.swift; path = GuessWordUITestsLaunchTests.swift; sourceTree = "<group>"; };
		E00ECFEE2B9D57A400D1DBAA /* GameService.swift */ = {isa = PBXFileReference; lastKnownFileType = sourcecode.swift; path = GameService.swift; sourceTree = "<group>"; };
		E00ECFF02B9D5D6400D1DBAA /* PhotoCell.swift */ = {isa = PBXFileReference; lastKnownFileType = sourcecode.swift; path = PhotoCell.swift; sourceTree = "<group>"; };
		E00ECFF22B9D617000D1DBAA /* GuessWordCell.swift */ = {isa = PBXFileReference; lastKnownFileType = sourcecode.swift; path = GuessWordCell.swift; sourceTree = "<group>"; };
		E00ECFF42B9D62C600D1DBAA /* Identifier.swift */ = {isa = PBXFileReference; lastKnownFileType = sourcecode.swift; path = Identifier.swift; sourceTree = "<group>"; };
		E00ECFF62B9D67AA00D1DBAA /* InputLetterCell.swift */ = {isa = PBXFileReference; lastKnownFileType = sourcecode.swift; path = InputLetterCell.swift; sourceTree = "<group>"; };
/* End PBXFileReference section */

/* Begin PBXFrameworksBuildPhase section */
		E00ECFB82B9D56EB00D1DBAA /* Frameworks */ = {
			isa = PBXFrameworksBuildPhase;
			buildActionMask = 2147483647;
			files = (
			);
			runOnlyForDeploymentPostprocessing = 0;
		};
		E00ECFCE2B9D56EC00D1DBAA /* Frameworks */ = {
			isa = PBXFrameworksBuildPhase;
			buildActionMask = 2147483647;
			files = (
			);
			runOnlyForDeploymentPostprocessing = 0;
		};
		E00ECFD82B9D56EC00D1DBAA /* Frameworks */ = {
			isa = PBXFrameworksBuildPhase;
			buildActionMask = 2147483647;
			files = (
			);
			runOnlyForDeploymentPostprocessing = 0;
		};
/* End PBXFrameworksBuildPhase section */

/* Begin PBXGroup section */
		E00ECFB22B9D56EB00D1DBAA = {
			isa = PBXGroup;
			children = (
				E00ECFBD2B9D56EB00D1DBAA /* GuessWord */,
				E00ECFD42B9D56EC00D1DBAA /* GuessWordTests */,
				E00ECFDE2B9D56EC00D1DBAA /* GuessWordUITests */,
				E00ECFBC2B9D56EB00D1DBAA /* Products */,
			);
			sourceTree = "<group>";
		};
		E00ECFBC2B9D56EB00D1DBAA /* Products */ = {
			isa = PBXGroup;
			children = (
				E00ECFBB2B9D56EB00D1DBAA /* GuessWord.app */,
				E00ECFD12B9D56EC00D1DBAA /* GuessWordTests.xctest */,
				E00ECFDB2B9D56EC00D1DBAA /* GuessWordUITests.xctest */,
			);
			name = Products;
			sourceTree = "<group>";
		};
		E00ECFBD2B9D56EB00D1DBAA /* GuessWord */ = {
			isa = PBXGroup;
			children = (
				E00ECFBE2B9D56EB00D1DBAA /* AppDelegate.swift */,
				E00ECFC02B9D56EB00D1DBAA /* SceneDelegate.swift */,
				E00ECFC22B9D56EB00D1DBAA /* ViewController.swift */,
				E00ECFF02B9D5D6400D1DBAA /* PhotoCell.swift */,
				E00ECFEE2B9D57A400D1DBAA /* GameService.swift */,
				E00ECFF22B9D617000D1DBAA /* GuessWordCell.swift */,
				E00ECFF62B9D67AA00D1DBAA /* InputLetterCell.swift */,
				E00ECFF42B9D62C600D1DBAA /* Identifier.swift */,
				E00ECFC72B9D56EC00D1DBAA /* Assets.xcassets */,
				E00ECFC92B9D56EC00D1DBAA /* LaunchScreen.storyboard */,
				E00ECFCC2B9D56EC00D1DBAA /* Info.plist */,
			);
			path = GuessWord;
			sourceTree = "<group>";
		};
		E00ECFD42B9D56EC00D1DBAA /* GuessWordTests */ = {
			isa = PBXGroup;
			children = (
				E00ECFD52B9D56EC00D1DBAA /* GuessWordTests.swift */,
			);
			path = GuessWordTests;
			sourceTree = "<group>";
		};
		E00ECFDE2B9D56EC00D1DBAA /* GuessWordUITests */ = {
			isa = PBXGroup;
			children = (
				E00ECFDF2B9D56EC00D1DBAA /* GuessWordUITests.swift */,
				E00ECFE12B9D56EC00D1DBAA /* GuessWordUITestsLaunchTests.swift */,
			);
			path = GuessWordUITests;
			sourceTree = "<group>";
		};
/* End PBXGroup section */

/* Begin PBXNativeTarget section */
		E00ECFBA2B9D56EB00D1DBAA /* GuessWord */ = {
			isa = PBXNativeTarget;
			buildConfigurationList = E00ECFE52B9D56EC00D1DBAA /* Build configuration list for PBXNativeTarget "GuessWord" */;
			buildPhases = (
				E00ECFB72B9D56EB00D1DBAA /* Sources */,
				E00ECFB82B9D56EB00D1DBAA /* Frameworks */,
				E00ECFB92B9D56EB00D1DBAA /* Resources */,
			);
			buildRules = (
			);
			dependencies = (
			);
			name = GuessWord;
			productName = GuessWord;
			productReference = E00ECFBB2B9D56EB00D1DBAA /* GuessWord.app */;
			productType = "com.apple.product-type.application";
		};
		E00ECFD02B9D56EC00D1DBAA /* GuessWordTests */ = {
			isa = PBXNativeTarget;
			buildConfigurationList = E00ECFE82B9D56EC00D1DBAA /* Build configuration list for PBXNativeTarget "GuessWordTests" */;
			buildPhases = (
				E00ECFCD2B9D56EC00D1DBAA /* Sources */,
				E00ECFCE2B9D56EC00D1DBAA /* Frameworks */,
				E00ECFCF2B9D56EC00D1DBAA /* Resources */,
			);
			buildRules = (
			);
			dependencies = (
				E00ECFD32B9D56EC00D1DBAA /* PBXTargetDependency */,
			);
			name = GuessWordTests;
			productName = GuessWordTests;
			productReference = E00ECFD12B9D56EC00D1DBAA /* GuessWordTests.xctest */;
			productType = "com.apple.product-type.bundle.unit-test";
		};
		E00ECFDA2B9D56EC00D1DBAA /* GuessWordUITests */ = {
			isa = PBXNativeTarget;
			buildConfigurationList = E00ECFEB2B9D56EC00D1DBAA /* Build configuration list for PBXNativeTarget "GuessWordUITests" */;
			buildPhases = (
				E00ECFD72B9D56EC00D1DBAA /* Sources */,
				E00ECFD82B9D56EC00D1DBAA /* Frameworks */,
				E00ECFD92B9D56EC00D1DBAA /* Resources */,
			);
			buildRules = (
			);
			dependencies = (
				E00ECFDD2B9D56EC00D1DBAA /* PBXTargetDependency */,
			);
			name = GuessWordUITests;
			productName = GuessWordUITests;
			productReference = E00ECFDB2B9D56EC00D1DBAA /* GuessWordUITests.xctest */;
			productType = "com.apple.product-type.bundle.ui-testing";
		};
/* End PBXNativeTarget section */

/* Begin PBXProject section */
		E00ECFB32B9D56EB00D1DBAA /* Project object */ = {
			isa = PBXProject;
			attributes = {
				BuildIndependentTargetsInParallel = 1;
				LastSwiftUpdateCheck = 1500;
				LastUpgradeCheck = 1500;
				TargetAttributes = {
					E00ECFBA2B9D56EB00D1DBAA = {
						CreatedOnToolsVersion = 15.0.1;
					};
					E00ECFD02B9D56EC00D1DBAA = {
						CreatedOnToolsVersion = 15.0.1;
						TestTargetID = E00ECFBA2B9D56EB00D1DBAA;
					};
					E00ECFDA2B9D56EC00D1DBAA = {
						CreatedOnToolsVersion = 15.0.1;
						TestTargetID = E00ECFBA2B9D56EB00D1DBAA;
					};
				};
			};
			buildConfigurationList = E00ECFB62B9D56EB00D1DBAA /* Build configuration list for PBXProject "GuessWord" */;
			compatibilityVersion = "Xcode 14.0";
			developmentRegion = en;
			hasScannedForEncodings = 0;
			knownRegions = (
				en,
				Base,
			);
			mainGroup = E00ECFB22B9D56EB00D1DBAA;
			productRefGroup = E00ECFBC2B9D56EB00D1DBAA /* Products */;
			projectDirPath = "";
			projectRoot = "";
			targets = (
				E00ECFBA2B9D56EB00D1DBAA /* GuessWord */,
				E00ECFD02B9D56EC00D1DBAA /* GuessWordTests */,
				E00ECFDA2B9D56EC00D1DBAA /* GuessWordUITests */,
			);
		};
/* End PBXProject section */

/* Begin PBXResourcesBuildPhase section */
		E00ECFB92B9D56EB00D1DBAA /* Resources */ = {
			isa = PBXResourcesBuildPhase;
			buildActionMask = 2147483647;
			files = (
				E00ECFCB2B9D56EC00D1DBAA /* LaunchScreen.storyboard in Resources */,
				E00ECFC82B9D56EC00D1DBAA /* Assets.xcassets in Resources */,
			);
			runOnlyForDeploymentPostprocessing = 0;
		};
		E00ECFCF2B9D56EC00D1DBAA /* Resources */ = {
			isa = PBXResourcesBuildPhase;
			buildActionMask = 2147483647;
			files = (
			);
			runOnlyForDeploymentPostprocessing = 0;
		};
		E00ECFD92B9D56EC00D1DBAA /* Resources */ = {
			isa = PBXResourcesBuildPhase;
			buildActionMask = 2147483647;
			files = (
			);
			runOnlyForDeploymentPostprocessing = 0;
		};
/* End PBXResourcesBuildPhase section */

/* Begin PBXSourcesBuildPhase section */
		E00ECFB72B9D56EB00D1DBAA /* Sources */ = {
			isa = PBXSourcesBuildPhase;
			buildActionMask = 2147483647;
			files = (
				E00ECFF72B9D67AA00D1DBAA /* InputLetterCell.swift in Sources */,
				E00ECFC32B9D56EB00D1DBAA /* ViewController.swift in Sources */,
				E00ECFF12B9D5D6400D1DBAA /* PhotoCell.swift in Sources */,
				E00ECFBF2B9D56EB00D1DBAA /* AppDelegate.swift in Sources */,
				E00ECFF52B9D62C600D1DBAA /* Identifier.swift in Sources */,
				E00ECFC12B9D56EB00D1DBAA /* SceneDelegate.swift in Sources */,
				E00ECFEF2B9D57A400D1DBAA /* GameService.swift in Sources */,
				E00ECFF32B9D617000D1DBAA /* GuessWordCell.swift in Sources */,
			);
			runOnlyForDeploymentPostprocessing = 0;
		};
		E00ECFCD2B9D56EC00D1DBAA /* Sources */ = {
			isa = PBXSourcesBuildPhase;
			buildActionMask = 2147483647;
			files = (
				E00ECFD62B9D56EC00D1DBAA /* GuessWordTests.swift in Sources */,
			);
			runOnlyForDeploymentPostprocessing = 0;
		};
		E00ECFD72B9D56EC00D1DBAA /* Sources */ = {
			isa = PBXSourcesBuildPhase;
			buildActionMask = 2147483647;
			files = (
				E00ECFE22B9D56EC00D1DBAA /* GuessWordUITestsLaunchTests.swift in Sources */,
				E00ECFE02B9D56EC00D1DBAA /* GuessWordUITests.swift in Sources */,
			);
			runOnlyForDeploymentPostprocessing = 0;
		};
/* End PBXSourcesBuildPhase section */

/* Begin PBXTargetDependency section */
		E00ECFD32B9D56EC00D1DBAA /* PBXTargetDependency */ = {
			isa = PBXTargetDependency;
			target = E00ECFBA2B9D56EB00D1DBAA /* GuessWord */;
			targetProxy = E00ECFD22B9D56EC00D1DBAA /* PBXContainerItemProxy */;
		};
		E00ECFDD2B9D56EC00D1DBAA /* PBXTargetDependency */ = {
			isa = PBXTargetDependency;
			target = E00ECFBA2B9D56EB00D1DBAA /* GuessWord */;
			targetProxy = E00ECFDC2B9D56EC00D1DBAA /* PBXContainerItemProxy */;
		};
/* End PBXTargetDependency section */

/* Begin PBXVariantGroup section */
		E00ECFC92B9D56EC00D1DBAA /* LaunchScreen.storyboard */ = {
			isa = PBXVariantGroup;
			children = (
				E00ECFCA2B9D56EC00D1DBAA /* Base */,
			);
			name = LaunchScreen.storyboard;
			sourceTree = "<group>";
		};
/* End PBXVariantGroup section */

/* Begin XCBuildConfiguration section */
		E00ECFE32B9D56EC00D1DBAA /* Debug */ = {
			isa = XCBuildConfiguration;
			buildSettings = {
				ALWAYS_SEARCH_USER_PATHS = NO;
				ASSETCATALOG_COMPILER_GENERATE_SWIFT_ASSET_SYMBOL_EXTENSIONS = YES;
				CLANG_ANALYZER_NONNULL = YES;
				CLANG_ANALYZER_NUMBER_OBJECT_CONVERSION = YES_AGGRESSIVE;
				CLANG_CXX_LANGUAGE_STANDARD = "gnu++20";
				CLANG_ENABLE_MODULES = YES;
				CLANG_ENABLE_OBJC_ARC = YES;
				CLANG_ENABLE_OBJC_WEAK = YES;
				CLANG_WARN_BLOCK_CAPTURE_AUTORELEASING = YES;
				CLANG_WARN_BOOL_CONVERSION = YES;
				CLANG_WARN_COMMA = YES;
				CLANG_WARN_CONSTANT_CONVERSION = YES;
				CLANG_WARN_DEPRECATED_OBJC_IMPLEMENTATIONS = YES;
				CLANG_WARN_DIRECT_OBJC_ISA_USAGE = YES_ERROR;
				CLANG_WARN_DOCUMENTATION_COMMENTS = YES;
				CLANG_WARN_EMPTY_BODY = YES;
				CLANG_WARN_ENUM_CONVERSION = YES;
				CLANG_WARN_INFINITE_RECURSION = YES;
				CLANG_WARN_INT_CONVERSION = YES;
				CLANG_WARN_NON_LITERAL_NULL_CONVERSION = YES;
				CLANG_WARN_OBJC_IMPLICIT_RETAIN_SELF = YES;
				CLANG_WARN_OBJC_LITERAL_CONVERSION = YES;
				CLANG_WARN_OBJC_ROOT_CLASS = YES_ERROR;
				CLANG_WARN_QUOTED_INCLUDE_IN_FRAMEWORK_HEADER = YES;
				CLANG_WARN_RANGE_LOOP_ANALYSIS = YES;
				CLANG_WARN_STRICT_PROTOTYPES = YES;
				CLANG_WARN_SUSPICIOUS_MOVE = YES;
				CLANG_WARN_UNGUARDED_AVAILABILITY = YES_AGGRESSIVE;
				CLANG_WARN_UNREACHABLE_CODE = YES;
				CLANG_WARN__DUPLICATE_METHOD_MATCH = YES;
				COPY_PHASE_STRIP = NO;
				DEBUG_INFORMATION_FORMAT = dwarf;
				ENABLE_STRICT_OBJC_MSGSEND = YES;
				ENABLE_TESTABILITY = YES;
				ENABLE_USER_SCRIPT_SANDBOXING = YES;
				GCC_C_LANGUAGE_STANDARD = gnu17;
				GCC_DYNAMIC_NO_PIC = NO;
				GCC_NO_COMMON_BLOCKS = YES;
				GCC_OPTIMIZATION_LEVEL = 0;
				GCC_PREPROCESSOR_DEFINITIONS = (
					"DEBUG=1",
					"$(inherited)",
				);
				GCC_WARN_64_TO_32_BIT_CONVERSION = YES;
				GCC_WARN_ABOUT_RETURN_TYPE = YES_ERROR;
				GCC_WARN_UNDECLARED_SELECTOR = YES;
				GCC_WARN_UNINITIALIZED_AUTOS = YES_AGGRESSIVE;
				GCC_WARN_UNUSED_FUNCTION = YES;
				GCC_WARN_UNUSED_VARIABLE = YES;
				IPHONEOS_DEPLOYMENT_TARGET = 17.0;
				LOCALIZATION_PREFERS_STRING_CATALOGS = YES;
				MTL_ENABLE_DEBUG_INFO = INCLUDE_SOURCE;
				MTL_FAST_MATH = YES;
				ONLY_ACTIVE_ARCH = YES;
				SDKROOT = iphoneos;
				SWIFT_ACTIVE_COMPILATION_CONDITIONS = "DEBUG $(inherited)";
				SWIFT_OPTIMIZATION_LEVEL = "-Onone";
			};
			name = Debug;
		};
		E00ECFE42B9D56EC00D1DBAA /* Release */ = {
			isa = XCBuildConfiguration;
			buildSettings = {
				ALWAYS_SEARCH_USER_PATHS = NO;
				ASSETCATALOG_COMPILER_GENERATE_SWIFT_ASSET_SYMBOL_EXTENSIONS = YES;
				CLANG_ANALYZER_NONNULL = YES;
				CLANG_ANALYZER_NUMBER_OBJECT_CONVERSION = YES_AGGRESSIVE;
				CLANG_CXX_LANGUAGE_STANDARD = "gnu++20";
				CLANG_ENABLE_MODULES = YES;
				CLANG_ENABLE_OBJC_ARC = YES;
				CLANG_ENABLE_OBJC_WEAK = YES;
				CLANG_WARN_BLOCK_CAPTURE_AUTORELEASING = YES;
				CLANG_WARN_BOOL_CONVERSION = YES;
				CLANG_WARN_COMMA = YES;
				CLANG_WARN_CONSTANT_CONVERSION = YES;
				CLANG_WARN_DEPRECATED_OBJC_IMPLEMENTATIONS = YES;
				CLANG_WARN_DIRECT_OBJC_ISA_USAGE = YES_ERROR;
				CLANG_WARN_DOCUMENTATION_COMMENTS = YES;
				CLANG_WARN_EMPTY_BODY = YES;
				CLANG_WARN_ENUM_CONVERSION = YES;
				CLANG_WARN_INFINITE_RECURSION = YES;
				CLANG_WARN_INT_CONVERSION = YES;
				CLANG_WARN_NON_LITERAL_NULL_CONVERSION = YES;
				CLANG_WARN_OBJC_IMPLICIT_RETAIN_SELF = YES;
				CLANG_WARN_OBJC_LITERAL_CONVERSION = YES;
				CLANG_WARN_OBJC_ROOT_CLASS = YES_ERROR;
				CLANG_WARN_QUOTED_INCLUDE_IN_FRAMEWORK_HEADER = YES;
				CLANG_WARN_RANGE_LOOP_ANALYSIS = YES;
				CLANG_WARN_STRICT_PROTOTYPES = YES;
				CLANG_WARN_SUSPICIOUS_MOVE = YES;
				CLANG_WARN_UNGUARDED_AVAILABILITY = YES_AGGRESSIVE;
				CLANG_WARN_UNREACHABLE_CODE = YES;
				CLANG_WARN__DUPLICATE_METHOD_MATCH = YES;
				COPY_PHASE_STRIP = NO;
				DEBUG_INFORMATION_FORMAT = "dwarf-with-dsym";
				ENABLE_NS_ASSERTIONS = NO;
				ENABLE_STRICT_OBJC_MSGSEND = YES;
				ENABLE_USER_SCRIPT_SANDBOXING = YES;
				GCC_C_LANGUAGE_STANDARD = gnu17;
				GCC_NO_COMMON_BLOCKS = YES;
				GCC_WARN_64_TO_32_BIT_CONVERSION = YES;
				GCC_WARN_ABOUT_RETURN_TYPE = YES_ERROR;
				GCC_WARN_UNDECLARED_SELECTOR = YES;
				GCC_WARN_UNINITIALIZED_AUTOS = YES_AGGRESSIVE;
				GCC_WARN_UNUSED_FUNCTION = YES;
				GCC_WARN_UNUSED_VARIABLE = YES;
				IPHONEOS_DEPLOYMENT_TARGET = 17.0;
				LOCALIZATION_PREFERS_STRING_CATALOGS = YES;
				MTL_ENABLE_DEBUG_INFO = NO;
				MTL_FAST_MATH = YES;
				SDKROOT = iphoneos;
				SWIFT_COMPILATION_MODE = wholemodule;
				VALIDATE_PRODUCT = YES;
			};
			name = Release;
		};
		E00ECFE62B9D56EC00D1DBAA /* Debug */ = {
			isa = XCBuildConfiguration;
			buildSettings = {
				ASSETCATALOG_COMPILER_APPICON_NAME = AppIcon;
				ASSETCATALOG_COMPILER_GLOBAL_ACCENT_COLOR_NAME = AccentColor;
				CODE_SIGN_STYLE = Automatic;
				CURRENT_PROJECT_VERSION = 1;
				GENERATE_INFOPLIST_FILE = YES;
				INFOPLIST_FILE = GuessWord/Info.plist;
				INFOPLIST_KEY_UIApplicationSupportsIndirectInputEvents = YES;
				INFOPLIST_KEY_UILaunchStoryboardName = LaunchScreen;
				INFOPLIST_KEY_UISupportedInterfaceOrientations_iPad = "UIInterfaceOrientationPortrait UIInterfaceOrientationPortraitUpsideDown UIInterfaceOrientationLandscapeLeft UIInterfaceOrientationLandscapeRight";
				INFOPLIST_KEY_UISupportedInterfaceOrientations_iPhone = "UIInterfaceOrientationPortrait UIInterfaceOrientationLandscapeLeft UIInterfaceOrientationLandscapeRight";
				LD_RUNPATH_SEARCH_PATHS = (
					"$(inherited)",
					"@executable_path/Frameworks",
				);
				MARKETING_VERSION = 1.0;
				PRODUCT_BUNDLE_IDENTIFIER = fd.GuessWord;
				PRODUCT_NAME = "$(TARGET_NAME)";
				SWIFT_EMIT_LOC_STRINGS = YES;
				SWIFT_VERSION = 5.0;
				TARGETED_DEVICE_FAMILY = "1,2";
			};
			name = Debug;
		};
		E00ECFE72B9D56EC00D1DBAA /* Release */ = {
			isa = XCBuildConfiguration;
			buildSettings = {
				ASSETCATALOG_COMPILER_APPICON_NAME = AppIcon;
				ASSETCATALOG_COMPILER_GLOBAL_ACCENT_COLOR_NAME = AccentColor;
				CODE_SIGN_STYLE = Automatic;
				CURRENT_PROJECT_VERSION = 1;
				GENERATE_INFOPLIST_FILE = YES;
				INFOPLIST_FILE = GuessWord/Info.plist;
				INFOPLIST_KEY_UIApplicationSupportsIndirectInputEvents = YES;
				INFOPLIST_KEY_UILaunchStoryboardName = LaunchScreen;
				INFOPLIST_KEY_UISupportedInterfaceOrientations_iPad = "UIInterfaceOrientationPortrait UIInterfaceOrientationPortraitUpsideDown UIInterfaceOrientationLandscapeLeft UIInterfaceOrientationLandscapeRight";
				INFOPLIST_KEY_UISupportedInterfaceOrientations_iPhone = "UIInterfaceOrientationPortrait UIInterfaceOrientationLandscapeLeft UIInterfaceOrientationLandscapeRight";
				LD_RUNPATH_SEARCH_PATHS = (
					"$(inherited)",
					"@executable_path/Frameworks",
				);
				MARKETING_VERSION = 1.0;
				PRODUCT_BUNDLE_IDENTIFIER = fd.GuessWord;
				PRODUCT_NAME = "$(TARGET_NAME)";
				SWIFT_EMIT_LOC_STRINGS = YES;
				SWIFT_VERSION = 5.0;
				TARGETED_DEVICE_FAMILY = "1,2";
			};
			name = Release;
		};
		E00ECFE92B9D56EC00D1DBAA /* Debug */ = {
			isa = XCBuildConfiguration;
			buildSettings = {
				ALWAYS_EMBED_SWIFT_STANDARD_LIBRARIES = YES;
				BUNDLE_LOADER = "$(TEST_HOST)";
				CODE_SIGN_STYLE = Automatic;
				CURRENT_PROJECT_VERSION = 1;
				GENERATE_INFOPLIST_FILE = YES;
				IPHONEOS_DEPLOYMENT_TARGET = 17.0;
				MARKETING_VERSION = 1.0;
				PRODUCT_BUNDLE_IDENTIFIER = fd.GuessWordTests;
				PRODUCT_NAME = "$(TARGET_NAME)";
				SWIFT_EMIT_LOC_STRINGS = NO;
				SWIFT_VERSION = 5.0;
				TARGETED_DEVICE_FAMILY = "1,2";
				TEST_HOST = "$(BUILT_PRODUCTS_DIR)/GuessWord.app/$(BUNDLE_EXECUTABLE_FOLDER_PATH)/GuessWord";
			};
			name = Debug;
		};
		E00ECFEA2B9D56EC00D1DBAA /* Release */ = {
			isa = XCBuildConfiguration;
			buildSettings = {
				ALWAYS_EMBED_SWIFT_STANDARD_LIBRARIES = YES;
				BUNDLE_LOADER = "$(TEST_HOST)";
				CODE_SIGN_STYLE = Automatic;
				CURRENT_PROJECT_VERSION = 1;
				GENERATE_INFOPLIST_FILE = YES;
				IPHONEOS_DEPLOYMENT_TARGET = 17.0;
				MARKETING_VERSION = 1.0;
				PRODUCT_BUNDLE_IDENTIFIER = fd.GuessWordTests;
				PRODUCT_NAME = "$(TARGET_NAME)";
				SWIFT_EMIT_LOC_STRINGS = NO;
				SWIFT_VERSION = 5.0;
				TARGETED_DEVICE_FAMILY = "1,2";
				TEST_HOST = "$(BUILT_PRODUCTS_DIR)/GuessWord.app/$(BUNDLE_EXECUTABLE_FOLDER_PATH)/GuessWord";
			};
			name = Release;
		};
		E00ECFEC2B9D56EC00D1DBAA /* Debug */ = {
			isa = XCBuildConfiguration;
			buildSettings = {
				ALWAYS_EMBED_SWIFT_STANDARD_LIBRARIES = YES;
				CODE_SIGN_STYLE = Automatic;
				CURRENT_PROJECT_VERSION = 1;
				GENERATE_INFOPLIST_FILE = YES;
				MARKETING_VERSION = 1.0;
				PRODUCT_BUNDLE_IDENTIFIER = fd.GuessWordUITests;
				PRODUCT_NAME = "$(TARGET_NAME)";
				SWIFT_EMIT_LOC_STRINGS = NO;
				SWIFT_VERSION = 5.0;
				TARGETED_DEVICE_FAMILY = "1,2";
				TEST_TARGET_NAME = GuessWord;
			};
			name = Debug;
		};
		E00ECFED2B9D56EC00D1DBAA /* Release */ = {
			isa = XCBuildConfiguration;
			buildSettings = {
				ALWAYS_EMBED_SWIFT_STANDARD_LIBRARIES = YES;
				CODE_SIGN_STYLE = Automatic;
				CURRENT_PROJECT_VERSION = 1;
				GENERATE_INFOPLIST_FILE = YES;
				MARKETING_VERSION = 1.0;
				PRODUCT_BUNDLE_IDENTIFIER = fd.GuessWordUITests;
				PRODUCT_NAME = "$(TARGET_NAME)";
				SWIFT_EMIT_LOC_STRINGS = NO;
				SWIFT_VERSION = 5.0;
				TARGETED_DEVICE_FAMILY = "1,2";
				TEST_TARGET_NAME = GuessWord;
			};
			name = Release;
		};
/* End XCBuildConfiguration section */

/* Begin XCConfigurationList section */
		E00ECFB62B9D56EB00D1DBAA /* Build configuration list for PBXProject "GuessWord" */ = {
			isa = XCConfigurationList;
			buildConfigurations = (
				E00ECFE32B9D56EC00D1DBAA /* Debug */,
				E00ECFE42B9D56EC00D1DBAA /* Release */,
			);
			defaultConfigurationIsVisible = 0;
			defaultConfigurationName = Release;
		};
		E00ECFE52B9D56EC00D1DBAA /* Build configuration list for PBXNativeTarget "GuessWord" */ = {
			isa = XCConfigurationList;
			buildConfigurations = (
				E00ECFE62B9D56EC00D1DBAA /* Debug */,
				E00ECFE72B9D56EC00D1DBAA /* Release */,
			);
			defaultConfigurationIsVisible = 0;
			defaultConfigurationName = Release;
		};
		E00ECFE82B9D56EC00D1DBAA /* Build configuration list for PBXNativeTarget "GuessWordTests" */ = {
			isa = XCConfigurationList;
			buildConfigurations = (
				E00ECFE92B9D56EC00D1DBAA /* Debug */,
				E00ECFEA2B9D56EC00D1DBAA /* Release */,
			);
			defaultConfigurationIsVisible = 0;
			defaultConfigurationName = Release;
		};
		E00ECFEB2B9D56EC00D1DBAA /* Build configuration list for PBXNativeTarget "GuessWordUITests" */ = {
			isa = XCConfigurationList;
			buildConfigurations = (
				E00ECFEC2B9D56EC00D1DBAA /* Debug */,
				E00ECFED2B9D56EC00D1DBAA /* Release */,
			);
			defaultConfigurationIsVisible = 0;
			defaultConfigurationName = Release;
		};
/* End XCConfigurationList section */
	};
	rootObject = E00ECFB32B9D56EB00D1DBAA /* Project object */;
}
